
Microsoft Visual Studio Solution File, Format Version 12.00
# Visual Studio Version 17
VisualStudioVersion = 17.5.33530.505
MinimumVisualStudioVersion = 10.0.40219.1
Project("{FAE04EC0-301F-11D3-BF4B-00C04F79EFBC}") = "Assignment5", "Assignment5\Assignment5.csproj", "{A6C43DC2-3655-4E1A-846C-CC83B47E1C30}"
EndProject
Project("{FAE04EC0-301F-11D3-BF4B-00C04F79EFBC}") = "Client", "Client\Client.csproj", "{968ADA80-7A0A-4545-8CA1-34EFAD935BBF}"
EndProject
Global
	GlobalSection(SolutionConfigurationPlatforms) = preSolution
		Debug|Any CPU = Debug|Any CPU
		Release|Any CPU = Release|Any CPU
	EndGlobalSection
	GlobalSection(ProjectConfigurationPlatforms) = postSolution
		{A6C43DC2-3655-4E1A-846C-CC83B47E1C30}.Debug|Any CPU.ActiveCfg = Debug|Any CPU
		{A6C43DC2-3655-4E1A-846C-CC83B47E1C30}.Debug|Any CPU.Build.0 = Debug|Any CPU
		{A6C43DC2-3655-4E1A-846C-CC83B47E1C30}.Release|Any CPU.ActiveCfg = Release|Any CPU
		{A6C43DC2-3655-4E1A-846C-CC83B47E1C30}.Release|Any CPU.Build.0 = Release|Any CPU
		{968ADA80-7A0A-4545-8CA1-34EFAD935BBF}.Debug|Any CPU.ActiveCfg = Debug|Any CPU
		{968ADA80-7A0A-4545-8CA1-34EFAD935BBF}.Debug|Any CPU.Build.0 = Debug|Any CPU
		{968ADA80-7A0A-4545-8CA1-34EFAD935BBF}.Release|Any CPU.ActiveCfg = Release|Any CPU
		{968ADA80-7A0A-4545-8CA1-34EFAD935BBF}.Release|Any CPU.Build.0 = Release|Any CPU
	EndGlobalSection
	GlobalSection(SolutionProperties) = preSolution
		HideSolutionNode = FALSE
	EndGlobalSection
	GlobalSection(ExtensibilityGlobals) = postSolution
		SolutionGuid = {83CC80A9-3640-45A1-8BFA-E9EA75A1BAA2}
	EndGlobalSection
EndGlobal
